
Microsoft Visual Studio Solution File, Format Version 12.00
# Visual Studio Version 17
VisualStudioVersion = 17.14.36301.6
MinimumVisualStudioVersion = 10.0.40219.1
Project("{FAE04EC0-301F-11D3-BF4B-00C04F79EFBC}") = "TechStoreApiRest", "TechStoreApiRest\TechStoreApiRest.csproj", "{3EC735C3-0CDF-4DD4-A3EB-25B54CB38CBA}"
EndProject
Project("{FAE04EC0-301F-11D3-BF4B-00C04F79EFBC}") = "Entidades", "Entidades\Entidades.csproj", "{3B725EB7-7397-423E-8FD7-ED5F27797EEB}"
EndProject
Project("{FAE04EC0-301F-11D3-BF4B-00C04F79EFBC}") = "Servicios", "Servicios\Servicios.csproj", "{FFB4D0C7-602B-473D-82BF-8B36AB17673D}"
EndProject
Project("{FAE04EC0-301F-11D3-BF4B-00C04F79EFBC}") = "ProductoServiceTest", "TestingProject\ProductoServiceTest.csproj", "{EBCEA095-8887-4D4C-9CBA-64007023433B}"
EndProject
Project("{FAE04EC0-301F-11D3-BF4B-00C04F79EFBC}") = "Datos", "Datos\Datos.csproj", "{BBF9F345-3D8D-4BE2-81C9-87C5F7479774}"
EndProject
Project("{FAE04EC0-301F-11D3-BF4B-00C04F79EFBC}") = "CategoriaServiceTest", "CategoriaServiceTest\CategoriaServiceTest.csproj", "{E0AD7450-D6C3-4705-AA9D-49743B158FAE}"
EndProject
Project("{2150E333-8FDC-42A3-9474-1A3956D46DE8}") = "Solution Items", "Solution Items", "{8EC462FD-D22E-90A8-E5CE-7E832BA40C5D}"
	ProjectSection(SolutionItems) = preProject
		TODO.md = TODO.md
	EndProjectSection
EndProject
Global
	GlobalSection(SolutionConfigurationPlatforms) = preSolution
		Debug|Any CPU = Debug|Any CPU
		Release|Any CPU = Release|Any CPU
	EndGlobalSection
	GlobalSection(ProjectConfigurationPlatforms) = postSolution
		{3EC735C3-0CDF-4DD4-A3EB-25B54CB38CBA}.Debug|Any CPU.ActiveCfg = Debug|Any CPU
		{3EC735C3-0CDF-4DD4-A3EB-25B54CB38CBA}.Debug|Any CPU.Build.0 = Debug|Any CPU
		{3EC735C3-0CDF-4DD4-A3EB-25B54CB38CBA}.Release|Any CPU.ActiveCfg = Release|Any CPU
		{3EC735C3-0CDF-4DD4-A3EB-25B54CB38CBA}.Release|Any CPU.Build.0 = Release|Any CPU
		{3B725EB7-7397-423E-8FD7-ED5F27797EEB}.Debug|Any CPU.ActiveCfg = Debug|Any CPU
		{3B725EB7-7397-423E-8FD7-ED5F27797EEB}.Debug|Any CPU.Build.0 = Debug|Any CPU
		{3B725EB7-7397-423E-8FD7-ED5F27797EEB}.Release|Any CPU.ActiveCfg = Release|Any CPU
		{3B725EB7-7397-423E-8FD7-ED5F27797EEB}.Release|Any CPU.Build.0 = Release|Any CPU
		{FFB4D0C7-602B-473D-82BF-8B36AB17673D}.Debug|Any CPU.ActiveCfg = Debug|Any CPU
		{FFB4D0C7-602B-473D-82BF-8B36AB17673D}.Debug|Any CPU.Build.0 = Debug|Any CPU
		{FFB4D0C7-602B-473D-82BF-8B36AB17673D}.Release|Any CPU.ActiveCfg = Release|Any CPU
		{FFB4D0C7-602B-473D-82BF-8B36AB17673D}.Release|Any CPU.Build.0 = Release|Any CPU
		{EBCEA095-8887-4D4C-9CBA-64007023433B}.Debug|Any CPU.ActiveCfg = Debug|Any CPU
		{EBCEA095-8887-4D4C-9CBA-64007023433B}.Debug|Any CPU.Build.0 = Debug|Any CPU
		{EBCEA095-8887-4D4C-9CBA-64007023433B}.Release|Any CPU.ActiveCfg = Release|Any CPU
		{EBCEA095-8887-4D4C-9CBA-64007023433B}.Release|Any CPU.Build.0 = Release|Any CPU
		{BBF9F345-3D8D-4BE2-81C9-87C5F7479774}.Debug|Any CPU.ActiveCfg = Debug|Any CPU
		{BBF9F345-3D8D-4BE2-81C9-87C5F7479774}.Debug|Any CPU.Build.0 = Debug|Any CPU
		{BBF9F345-3D8D-4BE2-81C9-87C5F7479774}.Release|Any CPU.ActiveCfg = Release|Any CPU
		{BBF9F345-3D8D-4BE2-81C9-87C5F7479774}.Release|Any CPU.Build.0 = Release|Any CPU
		{E0AD7450-D6C3-4705-AA9D-49743B158FAE}.Debug|Any CPU.ActiveCfg = Debug|Any CPU
		{E0AD7450-D6C3-4705-AA9D-49743B158FAE}.Debug|Any CPU.Build.0 = Debug|Any CPU
		{E0AD7450-D6C3-4705-AA9D-49743B158FAE}.Release|Any CPU.ActiveCfg = Release|Any CPU
		{E0AD7450-D6C3-4705-AA9D-49743B158FAE}.Release|Any CPU.Build.0 = Release|Any CPU
	EndGlobalSection
	GlobalSection(SolutionProperties) = preSolution
		HideSolutionNode = FALSE
	EndGlobalSection
	GlobalSection(ExtensibilityGlobals) = postSolution
		SolutionGuid = {99860B40-9172-469F-B2AF-F76A218A54AE}
	EndGlobalSection
EndGlobal
